
Microsoft Visual Studio Solution File, Format Version 12.00
Project("{FAE04EC0-301F-11D3-BF4B-00C04F79EFBC}") = "ShikiCord.Bot", "ShikiCord.Bot\ShikiCord.Bot.csproj", "{E5CB9739-9003-47CC-8B0D-7B1250694855}"
EndProject
Project("{FAE04EC0-301F-11D3-BF4B-00C04F79EFBC}") = "ShikiCord.Db", "ShikiCord.Db\ShikiCord.Db.csproj", "{AAF26D51-48CA-4100-A1B3-AE9728FA6DAB}"
EndProject
Project("{FAE04EC0-301F-11D3-BF4B-00C04F79EFBC}") = "ShikiCord.Core", "ShikiCord.Core\ShikiCord.Core.csproj", "{FF00D3E3-94B4-4B17-881D-4BC04CFCC719}"
EndProject
Global
	GlobalSection(SolutionConfigurationPlatforms) = preSolution
		Debug|Any CPU = Debug|Any CPU
		Release|Any CPU = Release|Any CPU
	EndGlobalSection
	GlobalSection(ProjectConfigurationPlatforms) = postSolution
		{E5CB9739-9003-47CC-8B0D-7B1250694855}.Debug|Any CPU.ActiveCfg = Debug|Any CPU
		{E5CB9739-9003-47CC-8B0D-7B1250694855}.Debug|Any CPU.Build.0 = Debug|Any CPU
		{E5CB9739-9003-47CC-8B0D-7B1250694855}.Release|Any CPU.ActiveCfg = Release|Any CPU
		{E5CB9739-9003-47CC-8B0D-7B1250694855}.Release|Any CPU.Build.0 = Release|Any CPU
		{AAF26D51-48CA-4100-A1B3-AE9728FA6DAB}.Debug|Any CPU.ActiveCfg = Debug|Any CPU
		{AAF26D51-48CA-4100-A1B3-AE9728FA6DAB}.Debug|Any CPU.Build.0 = Debug|Any CPU
		{AAF26D51-48CA-4100-A1B3-AE9728FA6DAB}.Release|Any CPU.ActiveCfg = Release|Any CPU
		{AAF26D51-48CA-4100-A1B3-AE9728FA6DAB}.Release|Any CPU.Build.0 = Release|Any CPU
		{FF00D3E3-94B4-4B17-881D-4BC04CFCC719}.Debug|Any CPU.ActiveCfg = Debug|Any CPU
		{FF00D3E3-94B4-4B17-881D-4BC04CFCC719}.Debug|Any CPU.Build.0 = Debug|Any CPU
		{FF00D3E3-94B4-4B17-881D-4BC04CFCC719}.Release|Any CPU.ActiveCfg = Release|Any CPU
		{FF00D3E3-94B4-4B17-881D-4BC04CFCC719}.Release|Any CPU.Build.0 = Release|Any CPU
	EndGlobalSection
EndGlobal
